
Microsoft Visual Studio Solution File, Format Version 12.00
# Visual Studio Version 17
VisualStudioVersion = 17.0.31919.166
MinimumVisualStudioVersion = 10.0.40219.1
Project("{FAE04EC0-301F-11D3-BF4B-00C04F79EFBC}") = "Caching.Web", "Caching.Web\Caching.Web.csproj", "{E8E337F9-37C3-43DA-BFA1-AD72F8E806E3}"
EndProject
Global
	GlobalSection(SolutionConfigurationPlatforms) = preSolution
		Debug|Any CPU = Debug|Any CPU
		Release|Any CPU = Release|Any CPU
	EndGlobalSection
	GlobalSection(ProjectConfigurationPlatforms) = postSolution
		{E8E337F9-37C3-43DA-BFA1-AD72F8E806E3}.Debug|Any CPU.ActiveCfg = Debug|Any CPU
		{E8E337F9-37C3-43DA-BFA1-AD72F8E806E3}.Debug|Any CPU.Build.0 = Debug|Any CPU
		{E8E337F9-37C3-43DA-BFA1-AD72F8E806E3}.Release|Any CPU.ActiveCfg = Release|Any CPU
		{E8E337F9-37C3-43DA-BFA1-AD72F8E806E3}.Release|Any CPU.Build.0 = Release|Any CPU
	EndGlobalSection
	GlobalSection(SolutionProperties) = preSolution
		HideSolutionNode = FALSE
	EndGlobalSection
	GlobalSection(ExtensibilityGlobals) = postSolution
		SolutionGuid = {DF97E138-FBC9-4B21-9047-72F9279D0060}
	EndGlobalSection
EndGlobal
